
Microsoft Visual Studio Solution File, Format Version 12.00
# Visual Studio 15
VisualStudioVersion = 15.0.26124.0
MinimumVisualStudioVersion = 15.0.26124.0
Project("{FAE04EC0-301F-11D3-BF4B-00C04F79EFBC}") = "API", "API\API.csproj", "{40B7A282-9E51-4F60-A0CC-3B2356191C01}"
EndProject
Project("{FAE04EC0-301F-11D3-BF4B-00C04F79EFBC}") = "Core", "Core\Core.csproj", "{0C570A75-1625-4A01-AECF-8D04AD1746E2}"
EndProject
Project("{FAE04EC0-301F-11D3-BF4B-00C04F79EFBC}") = "Infrastructure", "Infrastructure\Infrastructure.csproj", "{2DA4FF9B-DF49-4BB9-9570-E52DE1EE0BDE}"
EndProject
Global
	GlobalSection(SolutionConfigurationPlatforms) = preSolution
		Debug|Any CPU = Debug|Any CPU
		Debug|x64 = Debug|x64
		Debug|x86 = Debug|x86
		Release|Any CPU = Release|Any CPU
		Release|x64 = Release|x64
		Release|x86 = Release|x86
	EndGlobalSection
	GlobalSection(SolutionProperties) = preSolution
		HideSolutionNode = FALSE
	EndGlobalSection
	GlobalSection(ProjectConfigurationPlatforms) = postSolution
		{40B7A282-9E51-4F60-A0CC-3B2356191C01}.Debug|Any CPU.ActiveCfg = Debug|Any CPU
		{40B7A282-9E51-4F60-A0CC-3B2356191C01}.Debug|Any CPU.Build.0 = Debug|Any CPU
		{40B7A282-9E51-4F60-A0CC-3B2356191C01}.Debug|x64.ActiveCfg = Debug|Any CPU
		{40B7A282-9E51-4F60-A0CC-3B2356191C01}.Debug|x64.Build.0 = Debug|Any CPU
		{40B7A282-9E51-4F60-A0CC-3B2356191C01}.Debug|x86.ActiveCfg = Debug|Any CPU
		{40B7A282-9E51-4F60-A0CC-3B2356191C01}.Debug|x86.Build.0 = Debug|Any CPU
		{40B7A282-9E51-4F60-A0CC-3B2356191C01}.Release|Any CPU.ActiveCfg = Release|Any CPU
		{40B7A282-9E51-4F60-A0CC-3B2356191C01}.Release|Any CPU.Build.0 = Release|Any CPU
		{40B7A282-9E51-4F60-A0CC-3B2356191C01}.Release|x64.ActiveCfg = Release|Any CPU
		{40B7A282-9E51-4F60-A0CC-3B2356191C01}.Release|x64.Build.0 = Release|Any CPU
		{40B7A282-9E51-4F60-A0CC-3B2356191C01}.Release|x86.ActiveCfg = Release|Any CPU
		{40B7A282-9E51-4F60-A0CC-3B2356191C01}.Release|x86.Build.0 = Release|Any CPU
		{0C570A75-1625-4A01-AECF-8D04AD1746E2}.Debug|Any CPU.ActiveCfg = Debug|Any CPU
		{0C570A75-1625-4A01-AECF-8D04AD1746E2}.Debug|Any CPU.Build.0 = Debug|Any CPU
		{0C570A75-1625-4A01-AECF-8D04AD1746E2}.Debug|x64.ActiveCfg = Debug|Any CPU
		{0C570A75-1625-4A01-AECF-8D04AD1746E2}.Debug|x64.Build.0 = Debug|Any CPU
		{0C570A75-1625-4A01-AECF-8D04AD1746E2}.Debug|x86.ActiveCfg = Debug|Any CPU
		{0C570A75-1625-4A01-AECF-8D04AD1746E2}.Debug|x86.Build.0 = Debug|Any CPU
		{0C570A75-1625-4A01-AECF-8D04AD1746E2}.Release|Any CPU.ActiveCfg = Release|Any CPU
		{0C570A75-1625-4A01-AECF-8D04AD1746E2}.Release|Any CPU.Build.0 = Release|Any CPU
		{0C570A75-1625-4A01-AECF-8D04AD1746E2}.Release|x64.ActiveCfg = Release|Any CPU
		{0C570A75-1625-4A01-AECF-8D04AD1746E2}.Release|x64.Build.0 = Release|Any CPU
		{0C570A75-1625-4A01-AECF-8D04AD1746E2}.Release|x86.ActiveCfg = Release|Any CPU
		{0C570A75-1625-4A01-AECF-8D04AD1746E2}.Release|x86.Build.0 = Release|Any CPU
		{2DA4FF9B-DF49-4BB9-9570-E52DE1EE0BDE}.Debug|Any CPU.ActiveCfg = Debug|Any CPU
		{2DA4FF9B-DF49-4BB9-9570-E52DE1EE0BDE}.Debug|Any CPU.Build.0 = Debug|Any CPU
		{2DA4FF9B-DF49-4BB9-9570-E52DE1EE0BDE}.Debug|x64.ActiveCfg = Debug|Any CPU
		{2DA4FF9B-DF49-4BB9-9570-E52DE1EE0BDE}.Debug|x64.Build.0 = Debug|Any CPU
		{2DA4FF9B-DF49-4BB9-9570-E52DE1EE0BDE}.Debug|x86.ActiveCfg = Debug|Any CPU
		{2DA4FF9B-DF49-4BB9-9570-E52DE1EE0BDE}.Debug|x86.Build.0 = Debug|Any CPU
		{2DA4FF9B-DF49-4BB9-9570-E52DE1EE0BDE}.Release|Any CPU.ActiveCfg = Release|Any CPU
		{2DA4FF9B-DF49-4BB9-9570-E52DE1EE0BDE}.Release|Any CPU.Build.0 = Release|Any CPU
		{2DA4FF9B-DF49-4BB9-9570-E52DE1EE0BDE}.Release|x64.ActiveCfg = Release|Any CPU
		{2DA4FF9B-DF49-4BB9-9570-E52DE1EE0BDE}.Release|x64.Build.0 = Release|Any CPU
		{2DA4FF9B-DF49-4BB9-9570-E52DE1EE0BDE}.Release|x86.ActiveCfg = Release|Any CPU
		{2DA4FF9B-DF49-4BB9-9570-E52DE1EE0BDE}.Release|x86.Build.0 = Release|Any CPU
	EndGlobalSection
EndGlobal
